// !$*UTF8*$!
{
	archiveVersion = 1;
	classes = {
	};
	objectVersion = 55;
	objects = {

/* Begin PBXBuildFile section */
		4A1C74FE281372B500D7DFC0 /* query.graphql in Resources */ = {isa = PBXBuildFile; fileRef = 4A1C74FD281372B500D7DFC0 /* query.graphql */; };
		4A1C75032813770500D7DFC0 /* Network.swift in Sources */ = {isa = PBXBuildFile; fileRef = 4A1C75022813770500D7DFC0 /* Network.swift */; };
		4A1C750E2813841800D7DFC0 /* schema.json in Resources */ = {isa = PBXBuildFile; fileRef = 4A1C750D2813841800D7DFC0 /* schema.json */; };
		4A1C751E281387F300D7DFC0 /* Apollo in Frameworks */ = {isa = PBXBuildFile; productRef = 4A1C751D281387F300D7DFC0 /* Apollo */; };
		4A1C7520281387F300D7DFC0 /* ApolloAPI in Frameworks */ = {isa = PBXBuildFile; productRef = 4A1C751F281387F300D7DFC0 /* ApolloAPI */; };
		4A1C7522281387F300D7DFC0 /* ApolloCodegenLib in Frameworks */ = {isa = PBXBuildFile; productRef = 4A1C7521281387F300D7DFC0 /* ApolloCodegenLib */; };
		4A1C7524281387F300D7DFC0 /* ApolloSQLite in Frameworks */ = {isa = PBXBuildFile; productRef = 4A1C7523281387F300D7DFC0 /* ApolloSQLite */; };
		4A1C7526281387F300D7DFC0 /* ApolloUtils in Frameworks */ = {isa = PBXBuildFile; productRef = 4A1C7525281387F300D7DFC0 /* ApolloUtils */; };
		4A1C7528281387F300D7DFC0 /* ApolloWebSocket in Frameworks */ = {isa = PBXBuildFile; productRef = 4A1C7527281387F300D7DFC0 /* ApolloWebSocket */; };
		4A1C752A2813890100D7DFC0 /* API.swift in Sources */ = {isa = PBXBuildFile; fileRef = 4A1C75292813890100D7DFC0 /* API.swift */; };
		4A1C752C28138DC300D7DFC0 /* CountryDetailView.swift in Sources */ = {isa = PBXBuildFile; fileRef = 4A1C752B28138DC300D7DFC0 /* CountryDetailView.swift */; };
		4A8E033428130F76008E24B3 /* GraphQLExampleApp.swift in Sources */ = {isa = PBXBuildFile; fileRef = 4A8E033328130F76008E24B3 /* GraphQLExampleApp.swift */; };
		4A8E033628130F76008E24B3 /* ContentView.swift in Sources */ = {isa = PBXBuildFile; fileRef = 4A8E033528130F76008E24B3 /* ContentView.swift */; };
		4A8E033828130F7A008E24B3 /* Assets.xcassets in Resources */ = {isa = PBXBuildFile; fileRef = 4A8E033728130F7A008E24B3 /* Assets.xcassets */; };
		4A8E033B28130F7A008E24B3 /* Preview Assets.xcassets in Resources */ = {isa = PBXBuildFile; fileRef = 4A8E033A28130F7A008E24B3 /* Preview Assets.xcassets */; };
/* End PBXBuildFile section */

/* Begin PBXFileReference section */
		4A1C74FD281372B500D7DFC0 /* query.graphql */ = {isa = PBXFileReference; lastKnownFileType = text; path = query.graphql; sourceTree = "<group>"; };
		4A1C75022813770500D7DFC0 /* Network.swift */ = {isa = PBXFileReference; lastKnownFileType = sourcecode.swift; path = Network.swift; sourceTree = "<group>"; };
		4A1C750D2813841800D7DFC0 /* schema.json */ = {isa = PBXFileReference; fileEncoding = 4; lastKnownFileType = text.json; path = schema.json; sourceTree = "<group>"; };
		4A1C75292813890100D7DFC0 /* API.swift */ = {isa = PBXFileReference; fileEncoding = 4; lastKnownFileType = sourcecode.swift; path = API.swift; sourceTree = "<group>"; };
		4A1C752B28138DC300D7DFC0 /* CountryDetailView.swift */ = {isa = PBXFileReference; lastKnownFileType = sourcecode.swift; path = CountryDetailView.swift; sourceTree = "<group>"; };
		4A8E033028130F76008E24B3 /* GraphQLExample.app */ = {isa = PBXFileReference; explicitFileType = wrapper.application; includeInIndex = 0; path = GraphQLExample.app; sourceTree = BUILT_PRODUCTS_DIR; };
		4A8E033328130F76008E24B3 /* GraphQLExampleApp.swift */ = {isa = PBXFileReference; lastKnownFileType = sourcecode.swift; path = GraphQLExampleApp.swift; sourceTree = "<group>"; };
		4A8E033528130F76008E24B3 /* ContentView.swift */ = {isa = PBXFileReference; lastKnownFileType = sourcecode.swift; path = ContentView.swift; sourceTree = "<group>"; };
		4A8E033728130F7A008E24B3 /* Assets.xcassets */ = {isa = PBXFileReference; lastKnownFileType = folder.assetcatalog; path = Assets.xcassets; sourceTree = "<group>"; };
		4A8E033A28130F7A008E24B3 /* Preview Assets.xcassets */ = {isa = PBXFileReference; lastKnownFileType = folder.assetcatalog; path = "Preview Assets.xcassets"; sourceTree = "<group>"; };
/* End PBXFileReference section */

/* Begin PBXFrameworksBuildPhase section */
		4A8E032D28130F76008E24B3 /* Frameworks */ = {
			isa = PBXFrameworksBuildPhase;
			buildActionMask = 2147483647;
			files = (
				4A1C7520281387F300D7DFC0 /* ApolloAPI in Frameworks */,
				4A1C7528281387F300D7DFC0 /* ApolloWebSocket in Frameworks */,
				4A1C7526281387F300D7DFC0 /* ApolloUtils in Frameworks */,
				4A1C7524281387F300D7DFC0 /* ApolloSQLite in Frameworks */,
				4A1C7522281387F300D7DFC0 /* ApolloCodegenLib in Frameworks */,
				4A1C751E281387F300D7DFC0 /* Apollo in Frameworks */,
			);
			runOnlyForDeploymentPostprocessing = 0;
		};
/* End PBXFrameworksBuildPhase section */

/* Begin PBXGroup section */
		4A8E032728130F76008E24B3 = {
			isa = PBXGroup;
			children = (
				4A8E033228130F76008E24B3 /* GraphQLExample */,
				4A8E033128130F76008E24B3 /* Products */,
			);
			sourceTree = "<group>";
		};
		4A8E033128130F76008E24B3 /* Products */ = {
			isa = PBXGroup;
			children = (
				4A8E033028130F76008E24B3 /* GraphQLExample.app */,
			);
			name = Products;
			sourceTree = "<group>";
		};
		4A8E033228130F76008E24B3 /* GraphQLExample */ = {
			isa = PBXGroup;
			children = (
				4A8E033328130F76008E24B3 /* GraphQLExampleApp.swift */,
				4A8E033528130F76008E24B3 /* ContentView.swift */,
				4A1C752B28138DC300D7DFC0 /* CountryDetailView.swift */,
				4A1C75022813770500D7DFC0 /* Network.swift */,
				4A1C75292813890100D7DFC0 /* API.swift */,
				4A1C74FD281372B500D7DFC0 /* query.graphql */,
				4A1C750D2813841800D7DFC0 /* schema.json */,
				4A8E033728130F7A008E24B3 /* Assets.xcassets */,
				4A8E033928130F7A008E24B3 /* Preview Content */,
			);
			path = GraphQLExample;
			sourceTree = "<group>";
		};
		4A8E033928130F7A008E24B3 /* Preview Content */ = {
			isa = PBXGroup;
			children = (
				4A8E033A28130F7A008E24B3 /* Preview Assets.xcassets */,
			);
			path = "Preview Content";
			sourceTree = "<group>";
		};
/* End PBXGroup section */

/* Begin PBXNativeTarget section */
		4A8E032F28130F76008E24B3 /* GraphQLExample */ = {
			isa = PBXNativeTarget;
			buildConfigurationList = 4A8E033E28130F7A008E24B3 /* Build configuration list for PBXNativeTarget "GraphQLExample" */;
			buildPhases = (
				4A1C74FF2813741200D7DFC0 /* Generate Apollo GraphQL API */,
				4A8E032C28130F76008E24B3 /* Sources */,
				4A8E032D28130F76008E24B3 /* Frameworks */,
				4A8E032E28130F76008E24B3 /* Resources */,
			);
			buildRules = (
			);
			dependencies = (
			);
			name = GraphQLExample;
			packageProductDependencies = (
				4A1C751D281387F300D7DFC0 /* Apollo */,
				4A1C751F281387F300D7DFC0 /* ApolloAPI */,
				4A1C7521281387F300D7DFC0 /* ApolloCodegenLib */,
				4A1C7523281387F300D7DFC0 /* ApolloSQLite */,
				4A1C7525281387F300D7DFC0 /* ApolloUtils */,
				4A1C7527281387F300D7DFC0 /* ApolloWebSocket */,
			);
			productName = GraphQLExample;
			productReference = 4A8E033028130F76008E24B3 /* GraphQLExample.app */;
			productType = "com.apple.product-type.application";
		};
/* End PBXNativeTarget section */

/* Begin PBXProject section */
		4A8E032828130F76008E24B3 /* Project object */ = {
			isa = PBXProject;
			attributes = {
				BuildIndependentTargetsInParallel = 1;
				LastSwiftUpdateCheck = 1330;
				LastUpgradeCheck = 1330;
				TargetAttributes = {
					4A8E032F28130F76008E24B3 = {
						CreatedOnToolsVersion = 13.3.1;
					};
				};
			};
			buildConfigurationList = 4A8E032B28130F76008E24B3 /* Build configuration list for PBXProject "GraphQLExample" */;
			compatibilityVersion = "Xcode 13.0";
			developmentRegion = en;
			hasScannedForEncodings = 0;
			knownRegions = (
				en,
				Base,
			);
			mainGroup = 4A8E032728130F76008E24B3;
			packageReferences = (
				4A1C751C281387F300D7DFC0 /* XCRemoteSwiftPackageReference "apollo-ios" */,
			);
			productRefGroup = 4A8E033128130F76008E24B3 /* Products */;
			projectDirPath = "";
			projectRoot = "";
			targets = (
				4A8E032F28130F76008E24B3 /* GraphQLExample */,
			);
		};
/* End PBXProject section */

/* Begin PBXResourcesBuildPhase section */
		4A8E032E28130F76008E24B3 /* Resources */ = {
			isa = PBXResourcesBuildPhase;
			buildActionMask = 2147483647;
			files = (
				4A1C750E2813841800D7DFC0 /* schema.json in Resources */,
				4A1C74FE281372B500D7DFC0 /* query.graphql in Resources */,
				4A8E033B28130F7A008E24B3 /* Preview Assets.xcassets in Resources */,
				4A8E033828130F7A008E24B3 /* Assets.xcassets in Resources */,
			);
			runOnlyForDeploymentPostprocessing = 0;
		};
/* End PBXResourcesBuildPhase section */

/* Begin PBXShellScriptBuildPhase section */
		4A1C74FF2813741200D7DFC0 /* Generate Apollo GraphQL API */ = {
			isa = PBXShellScriptBuildPhase;
			buildActionMask = 2147483647;
			files = (
			);
			inputFileListPaths = (
			);
			inputPaths = (
			);
			name = "Generate Apollo GraphQL API";
			outputFileListPaths = (
			);
			outputPaths = (
			);
			runOnlyForDeploymentPostprocessing = 0;
			shellPath = /bin/sh;
			shellScript = "# Don't run this during index builds\nif [ $ACTION = \"indexbuild\" ]; then exit 0; fi\n\n# Go to the build root and search up the chain to find the Derived Data Path where the source packages are checked out.\nDERIVED_DATA_CANDIDATE=\"${BUILD_ROOT}\"\n\nwhile ! [ -d \"${DERIVED_DATA_CANDIDATE}/SourcePackages\" ]; do\n  if [ \"${DERIVED_DATA_CANDIDATE}\" = / ]; then\n    echo >&2 \"error: Unable to locate SourcePackages directory from BUILD_ROOT: '${BUILD_ROOT}'\"\n    exit 1\n  fi\n\n  DERIVED_DATA_CANDIDATE=\"$(dirname \"${DERIVED_DATA_CANDIDATE}\")\"\ndone\n\n# Grab a reference to the directory where scripts are checked out\nSCRIPT_PATH=\"${DERIVED_DATA_CANDIDATE}/SourcePackages/checkouts/apollo-ios/scripts\"\n\nif [ -z \"${SCRIPT_PATH}\" ]; then\n    echo >&2 \"error: Couldn't find the CLI script in your checked out SPM packages; make sure to add the framework to your project.\"\n    exit 1\nfi\n\ncd \"${SRCROOT}/${TARGET_NAME}\"\n\"${SCRIPT_PATH}\"/run-bundled-codegen.sh codegen:generate --target=swift --includes=./**/*.graphql --localSchemaFile=\"schema.json\" API.swift\n";
		};
/* End PBXShellScriptBuildPhase section */

/* Begin PBXSourcesBuildPhase section */
		4A8E032C28130F76008E24B3 /* Sources */ = {
			isa = PBXSourcesBuildPhase;
			buildActionMask = 2147483647;
			files = (
				4A8E033628130F76008E24B3 /* ContentView.swift in Sources */,
				4A1C75032813770500D7DFC0 /* Network.swift in Sources */,
				4A1C752A2813890100D7DFC0 /* API.swift in Sources */,
				4A8E033428130F76008E24B3 /* GraphQLExampleApp.swift in Sources */,
				4A1C752C28138DC300D7DFC0 /* CountryDetailView.swift in Sources */,
			);
			runOnlyForDeploymentPostprocessing = 0;
		};
/* End PBXSourcesBuildPhase section */

/* Begin XCBuildConfiguration section */
		4A8E033C28130F7A008E24B3 /* Debug */ = {
			isa = XCBuildConfiguration;
			buildSettings = {
				ALWAYS_SEARCH_USER_PATHS = NO;
				CLANG_ANALYZER_NONNULL = YES;
				CLANG_ANALYZER_NUMBER_OBJECT_CONVERSION = YES_AGGRESSIVE;
				CLANG_CXX_LANGUAGE_STANDARD = "gnu++17";
				CLANG_ENABLE_MODULES = YES;
				CLANG_ENABLE_OBJC_ARC = YES;
				CLANG_ENABLE_OBJC_WEAK = YES;
				CLANG_WARN_BLOCK_CAPTURE_AUTORELEASING = YES;
				CLANG_WARN_BOOL_CONVERSION = YES;
				CLANG_WARN_COMMA = YES;
				CLANG_WARN_CONSTANT_CONVERSION = YES;
				CLANG_WARN_DEPRECATED_OBJC_IMPLEMENTATIONS = YES;
				CLANG_WARN_DIRECT_OBJC_ISA_USAGE = YES_ERROR;
				CLANG_WARN_DOCUMENTATION_COMMENTS = YES;
				CLANG_WARN_EMPTY_BODY = YES;
				CLANG_WARN_ENUM_CONVERSION = YES;
				CLANG_WARN_INFINITE_RECURSION = YES;
				CLANG_WARN_INT_CONVERSION = YES;
				CLANG_WARN_NON_LITERAL_NULL_CONVERSION = YES;
				CLANG_WARN_OBJC_IMPLICIT_RETAIN_SELF = YES;
				CLANG_WARN_OBJC_LITERAL_CONVERSION = YES;
				CLANG_WARN_OBJC_ROOT_CLASS = YES_ERROR;
				CLANG_WARN_QUOTED_INCLUDE_IN_FRAMEWORK_HEADER = YES;
				CLANG_WARN_RANGE_LOOP_ANALYSIS = YES;
				CLANG_WARN_STRICT_PROTOTYPES = YES;
				CLANG_WARN_SUSPICIOUS_MOVE = YES;
				CLANG_WARN_UNGUARDED_AVAILABILITY = YES_AGGRESSIVE;
				CLANG_WARN_UNREACHABLE_CODE = YES;
				CLANG_WARN__DUPLICATE_METHOD_MATCH = YES;
				COPY_PHASE_STRIP = NO;
				DEBUG_INFORMATION_FORMAT = dwarf;
				ENABLE_STRICT_OBJC_MSGSEND = YES;
				ENABLE_TESTABILITY = YES;
				GCC_C_LANGUAGE_STANDARD = gnu11;
				GCC_DYNAMIC_NO_PIC = NO;
				GCC_NO_COMMON_BLOCKS = YES;
				GCC_OPTIMIZATION_LEVEL = 0;
				GCC_PREPROCESSOR_DEFINITIONS = (
					"DEBUG=1",
					"$(inherited)",
				);
				GCC_WARN_64_TO_32_BIT_CONVERSION = YES;
				GCC_WARN_ABOUT_RETURN_TYPE = YES_ERROR;
				GCC_WARN_UNDECLARED_SELECTOR = YES;
				GCC_WARN_UNINITIALIZED_AUTOS = YES_AGGRESSIVE;
				GCC_WARN_UNUSED_FUNCTION = YES;
				GCC_WARN_UNUSED_VARIABLE = YES;
				IPHONEOS_DEPLOYMENT_TARGET = 15.4;
				MTL_ENABLE_DEBUG_INFO = INCLUDE_SOURCE;
				MTL_FAST_MATH = YES;
				ONLY_ACTIVE_ARCH = YES;
				SDKROOT = iphoneos;
				SWIFT_ACTIVE_COMPILATION_CONDITIONS = DEBUG;
				SWIFT_OPTIMIZATION_LEVEL = "-Onone";
			};
			name = Debug;
		};
		4A8E033D28130F7A008E24B3 /* Release */ = {
			isa = XCBuildConfiguration;
			buildSettings = {
				ALWAYS_SEARCH_USER_PATHS = NO;
				CLANG_ANALYZER_NONNULL = YES;
				CLANG_ANALYZER_NUMBER_OBJECT_CONVERSION = YES_AGGRESSIVE;
				CLANG_CXX_LANGUAGE_STANDARD = "gnu++17";
				CLANG_ENABLE_MODULES = YES;
				CLANG_ENABLE_OBJC_ARC = YES;
				CLANG_ENABLE_OBJC_WEAK = YES;
				CLANG_WARN_BLOCK_CAPTURE_AUTORELEASING = YES;
				CLANG_WARN_BOOL_CONVERSION = YES;
				CLANG_WARN_COMMA = YES;
				CLANG_WARN_CONSTANT_CONVERSION = YES;
				CLANG_WARN_DEPRECATED_OBJC_IMPLEMENTATIONS = YES;
				CLANG_WARN_DIRECT_OBJC_ISA_USAGE = YES_ERROR;
				CLANG_WARN_DOCUMENTATION_COMMENTS = YES;
				CLANG_WARN_EMPTY_BODY = YES;
				CLANG_WARN_ENUM_CONVERSION = YES;
				CLANG_WARN_INFINITE_RECURSION = YES;
				CLANG_WARN_INT_CONVERSION = YES;
				CLANG_WARN_NON_LITERAL_NULL_CONVERSION = YES;
				CLANG_WARN_OBJC_IMPLICIT_RETAIN_SELF = YES;
				CLANG_WARN_OBJC_LITERAL_CONVERSION = YES;
				CLANG_WARN_OBJC_ROOT_CLASS = YES_ERROR;
				CLANG_WARN_QUOTED_INCLUDE_IN_FRAMEWORK_HEADER = YES;
				CLANG_WARN_RANGE_LOOP_ANALYSIS = YES;
				CLANG_WARN_STRICT_PROTOTYPES = YES;
				CLANG_WARN_SUSPICIOUS_MOVE = YES;
				CLANG_WARN_UNGUARDED_AVAILABILITY = YES_AGGRESSIVE;
				CLANG_WARN_UNREACHABLE_CODE = YES;
				CLANG_WARN__DUPLICATE_METHOD_MATCH = YES;
				COPY_PHASE_STRIP = NO;
				DEBUG_INFORMATION_FORMAT = "dwarf-with-dsym";
				ENABLE_NS_ASSERTIONS = NO;
				ENABLE_STRICT_OBJC_MSGSEND = YES;
				GCC_C_LANGUAGE_STANDARD = gnu11;
				GCC_NO_COMMON_BLOCKS = YES;
				GCC_WARN_64_TO_32_BIT_CONVERSION = YES;
				GCC_WARN_ABOUT_RETURN_TYPE = YES_ERROR;
				GCC_WARN_UNDECLARED_SELECTOR = YES;
				GCC_WARN_UNINITIALIZED_AUTOS = YES_AGGRESSIVE;
				GCC_WARN_UNUSED_FUNCTION = YES;
				GCC_WARN_UNUSED_VARIABLE = YES;
				IPHONEOS_DEPLOYMENT_TARGET = 15.4;
				MTL_ENABLE_DEBUG_INFO = NO;
				MTL_FAST_MATH = YES;
				SDKROOT = iphoneos;
				SWIFT_COMPILATION_MODE = wholemodule;
				SWIFT_OPTIMIZATION_LEVEL = "-O";
				VALIDATE_PRODUCT = YES;
			};
			name = Release;
		};
		4A8E033F28130F7A008E24B3 /* Debug */ = {
			isa = XCBuildConfiguration;
			buildSettings = {
				ASSETCATALOG_COMPILER_APPICON_NAME = AppIcon;
				ASSETCATALOG_COMPILER_GLOBAL_ACCENT_COLOR_NAME = AccentColor;
				CODE_SIGN_STYLE = Automatic;
				CURRENT_PROJECT_VERSION = 1;
				DEVELOPMENT_ASSET_PATHS = "\"GraphQLExample/Preview Content\"";
				DEVELOPMENT_TEAM = ND62ZH96H8;
				ENABLE_PREVIEWS = YES;
				GENERATE_INFOPLIST_FILE = YES;
				INFOPLIST_KEY_UIApplicationSceneManifest_Generation = YES;
				INFOPLIST_KEY_UIApplicationSupportsIndirectInputEvents = YES;
				INFOPLIST_KEY_UILaunchScreen_Generation = YES;
				INFOPLIST_KEY_UISupportedInterfaceOrientations_iPad = "UIInterfaceOrientationPortrait UIInterfaceOrientationPortraitUpsideDown UIInterfaceOrientationLandscapeLeft UIInterfaceOrientationLandscapeRight";
				INFOPLIST_KEY_UISupportedInterfaceOrientations_iPhone = "UIInterfaceOrientationPortrait UIInterfaceOrientationLandscapeLeft UIInterfaceOrientationLandscapeRight";
				LD_RUNPATH_SEARCH_PATHS = (
					"$(inherited)",
					"@executable_path/Frameworks",
				);
				MARKETING_VERSION = 1.0;
				PRODUCT_BUNDLE_IDENTIFIER = Cicimaya.GraphQLExample;
				PRODUCT_NAME = "$(TARGET_NAME)";
				SWIFT_EMIT_LOC_STRINGS = YES;
				SWIFT_VERSION = 5.0;
				TARGETED_DEVICE_FAMILY = "1,2";
			};
			name = Debug;
		};
		4A8E034028130F7A008E24B3 /* Release */ = {
			isa = XCBuildConfiguration;
			buildSettings = {
				ASSETCATALOG_COMPILER_APPICON_NAME = AppIcon;
				ASSETCATALOG_COMPILER_GLOBAL_ACCENT_COLOR_NAME = AccentColor;
				CODE_SIGN_STYLE = Automatic;
				CURRENT_PROJECT_VERSION = 1;
				DEVELOPMENT_ASSET_PATHS = "\"GraphQLExample/Preview Content\"";
				DEVELOPMENT_TEAM = ND62ZH96H8;
				ENABLE_PREVIEWS = YES;
				GENERATE_INFOPLIST_FILE = YES;
				INFOPLIST_KEY_UIApplicationSceneManifest_Generation = YES;
				INFOPLIST_KEY_UIApplicationSupportsIndirectInputEvents = YES;
				INFOPLIST_KEY_UILaunchScreen_Generation = YES;
				INFOPLIST_KEY_UISupportedInterfaceOrientations_iPad = "UIInterfaceOrientationPortrait UIInterfaceOrientationPortraitUpsideDown UIInterfaceOrientationLandscapeLeft UIInterfaceOrientationLandscapeRight";
				INFOPLIST_KEY_UISupportedInterfaceOrientations_iPhone = "UIInterfaceOrientationPortrait UIInterfaceOrientationLandscapeLeft UIInterfaceOrientationLandscapeRight";
				LD_RUNPATH_SEARCH_PATHS = (
					"$(inherited)",
					"@executable_path/Frameworks",
				);
				MARKETING_VERSION = 1.0;
				PRODUCT_BUNDLE_IDENTIFIER = Cicimaya.GraphQLExample;
				PRODUCT_NAME = "$(TARGET_NAME)";
				SWIFT_EMIT_LOC_STRINGS = YES;
				SWIFT_VERSION = 5.0;
				TARGETED_DEVICE_FAMILY = "1,2";
			};
			name = Release;
		};
/* End XCBuildConfiguration section */

/* Begin XCConfigurationList section */
		4A8E032B28130F76008E24B3 /* Build configuration list for PBXProject "GraphQLExample" */ = {
			isa = XCConfigurationList;
			buildConfigurations = (
				4A8E033C28130F7A008E24B3 /* Debug */,
				4A8E033D28130F7A008E24B3 /* Release */,
			);
			defaultConfigurationIsVisible = 0;
			defaultConfigurationName = Release;
		};
		4A8E033E28130F7A008E24B3 /* Build configuration list for PBXNativeTarget "GraphQLExample" */ = {
			isa = XCConfigurationList;
			buildConfigurations = (
				4A8E033F28130F7A008E24B3 /* Debug */,
				4A8E034028130F7A008E24B3 /* Release */,
			);
			defaultConfigurationIsVisible = 0;
			defaultConfigurationName = Release;
		};
/* End XCConfigurationList section */

/* Begin XCRemoteSwiftPackageReference section */
		4A1C751C281387F300D7DFC0 /* XCRemoteSwiftPackageReference "apollo-ios" */ = {
			isa = XCRemoteSwiftPackageReference;
			repositoryURL = "https://github.com/apollographql/apollo-ios";
			requirement = {
				branch = main;
				kind = branch;
			};
		};
/* End XCRemoteSwiftPackageReference section */

/* Begin XCSwiftPackageProductDependency section */
		4A1C751D281387F300D7DFC0 /* Apollo */ = {
			isa = XCSwiftPackageProductDependency;
			package = 4A1C751C281387F300D7DFC0 /* XCRemoteSwiftPackageReference "apollo-ios" */;
			productName = Apollo;
		};
		4A1C751F281387F300D7DFC0 /* ApolloAPI */ = {
			isa = XCSwiftPackageProductDependency;
			package = 4A1C751C281387F300D7DFC0 /* XCRemoteSwiftPackageReference "apollo-ios" */;
			productName = ApolloAPI;
		};
		4A1C7521281387F300D7DFC0 /* ApolloCodegenLib */ = {
			isa = XCSwiftPackageProductDependency;
			package = 4A1C751C281387F300D7DFC0 /* XCRemoteSwiftPackageReference "apollo-ios" */;
			productName = ApolloCodegenLib;
		};
		4A1C7523281387F300D7DFC0 /* ApolloSQLite */ = {
			isa = XCSwiftPackageProductDependency;
			package = 4A1C751C281387F300D7DFC0 /* XCRemoteSwiftPackageReference "apollo-ios" */;
			productName = ApolloSQLite;
		};
		4A1C7525281387F300D7DFC0 /* ApolloUtils */ = {
			isa = XCSwiftPackageProductDependency;
			package = 4A1C751C281387F300D7DFC0 /* XCRemoteSwiftPackageReference "apollo-ios" */;
			productName = ApolloUtils;
		};
		4A1C7527281387F300D7DFC0 /* ApolloWebSocket */ = {
			isa = XCSwiftPackageProductDependency;
			package = 4A1C751C281387F300D7DFC0 /* XCRemoteSwiftPackageReference "apollo-ios" */;
			productName = ApolloWebSocket;
		};
/* End XCSwiftPackageProductDependency section */
	};
	rootObject = 4A8E032828130F76008E24B3 /* Project object */;
}
